Microsoft Visual Studio Solution File, Format Version 11.00
# Visual Studio 2008

Project("{C245CE43-7B06-7E00-A4DE-6804C21736E1}") = "EEKGameJam2K15", "Assembly-CSharp.csproj", "{D0B4A97C-5565-EBB1-91A6-F4580CE0DF1F}"
EndProject
Global
	GlobalSection(SolutionConfigurationPlatforms) = preSolution
		Debug|Any CPU = Debug|Any CPU
		Release|Any CPU = Release|Any CPU
	EndGlobalSection
	GlobalSection(ProjectConfigurationPlatforms) = postSolution
		{D0B4A97C-5565-EBB1-91A6-F4580CE0DF1F}.Debug|Any CPU.ActiveCfg = Debug|Any CPU
		{D0B4A97C-5565-EBB1-91A6-F4580CE0DF1F}.Debug|Any CPU.Build.0 = Debug|Any CPU
		{D0B4A97C-5565-EBB1-91A6-F4580CE0DF1F}.Release|Any CPU.ActiveCfg = Release|Any CPU
		{D0B4A97C-5565-EBB1-91A6-F4580CE0DF1F}.Release|Any CPU.Build.0 = Release|Any CPU
	EndGlobalSection
	GlobalSection(SolutionProperties) = preSolution
		HideSolutionNode = FALSE
	EndGlobalSection
				GlobalSection(MonoDevelopProperties) = preSolution
		StartupItem = Assembly-CSharp.csproj
		Policies = $0
		$0.TextStylePolicy = $1
		$1.inheritsSet = null
		$1.scope = text/x-csharp
		$0.CSharpFormattingPolicy = $2
		$2.inheritsSet = Mono
		$2.inheritsScope = text/x-csharp
		$2.scope = text/x-csharp
		$0.TextStylePolicy = $3
		$3.FileWidth = 120
		$3.TabWidth = 4
		$3.IndentWidth = 4
		$3.EolMarker = Unix
		$3.inheritsSet = Mono
		$3.inheritsScope = text/plain
		$3.scope = text/plain
	EndGlobalSection

EndGlobal
